// !$*UTF8*$!
{
	archiveVersion = 1;
	classes = {
	};
	objectVersion = 46;
	objects = {

/* Begin PBXBuildFile section */
		2C08F7941C7F6FD400CF2E85 /* AppDelegate.swift in Sources */ = {isa = PBXBuildFile; fileRef = 2C08F7931C7F6FD400CF2E85 /* AppDelegate.swift */; };
		2C08F7961C7F6FD400CF2E85 /* ViewController.swift in Sources */ = {isa = PBXBuildFile; fileRef = 2C08F7951C7F6FD400CF2E85 /* ViewController.swift */; };
		2C08F7991C7F6FD400CF2E85 /* Main.storyboard in Resources */ = {isa = PBXBuildFile; fileRef = 2C08F7971C7F6FD400CF2E85 /* Main.storyboard */; };
		2C08F79B1C7F6FD400CF2E85 /* Assets.xcassets in Resources */ = {isa = PBXBuildFile; fileRef = 2C08F79A1C7F6FD400CF2E85 /* Assets.xcassets */; };
		2C08F79E1C7F6FD400CF2E85 /* LaunchScreen.storyboard in Resources */ = {isa = PBXBuildFile; fileRef = 2C08F79C1C7F6FD400CF2E85 /* LaunchScreen.storyboard */; };
		2C08F7A91C7F6FD400CF2E85 /* CalculatorTests.swift in Sources */ = {isa = PBXBuildFile; fileRef = 2C08F7A81C7F6FD400CF2E85 /* CalculatorTests.swift */; };
		2C08F7B41C7F6FD400CF2E85 /* CalculatorUITests.swift in Sources */ = {isa = PBXBuildFile; fileRef = 2C08F7B31C7F6FD400CF2E85 /* CalculatorUITests.swift */; };
/* End PBXBuildFile section */

/* Begin PBXContainerItemProxy section */
		2C08F7A51C7F6FD400CF2E85 /* PBXContainerItemProxy */ = {
			isa = PBXContainerItemProxy;
			containerPortal = 2C08F7881C7F6FD400CF2E85 /* Project object */;
			proxyType = 1;
			remoteGlobalIDString = 2C08F78F1C7F6FD400CF2E85;
			remoteInfo = Calculator;
		};
		2C08F7B01C7F6FD400CF2E85 /* PBXContainerItemProxy */ = {
			isa = PBXContainerItemProxy;
			containerPortal = 2C08F7881C7F6FD400CF2E85 /* Project object */;
			proxyType = 1;
			remoteGlobalIDString = 2C08F78F1C7F6FD400CF2E85;
			remoteInfo = Calculator;
		};
/* End PBXContainerItemProxy section */

/* Begin PBXFileReference section */
		2C08F7901C7F6FD400CF2E85 /* Calculator.app */ = {isa = PBXFileReference; explicitFileType = wrapper.application; includeInIndex = 0; path = Calculator.app; sourceTree = BUILT_PRODUCTS_DIR; };
		2C08F7931C7F6FD400CF2E85 /* AppDelegate.swift */ = {isa = PBXFileReference; lastKnownFileType = sourcecode.swift; path = AppDelegate.swift; sourceTree = "<group>"; };
		2C08F7951C7F6FD400CF2E85 /* ViewController.swift */ = {isa = PBXFileReference; lastKnownFileType = sourcecode.swift; path = ViewController.swift; sourceTree = "<group>"; };
		2C08F7981C7F6FD400CF2E85 /* Base */ = {isa = PBXFileReference; lastKnownFileType = file.storyboard; name = Base; path = Base.lproj/Main.storyboard; sourceTree = "<group>"; };
		2C08F79A1C7F6FD400CF2E85 /* Assets.xcassets */ = {isa = PBXFileReference; lastKnownFileType = folder.assetcatalog; path = Assets.xcassets; sourceTree = "<group>"; };
		2C08F79D1C7F6FD400CF2E85 /* Base */ = {isa = PBXFileReference; lastKnownFileType = file.storyboard; name = Base; path = Base.lproj/LaunchScreen.storyboard; sourceTree = "<group>"; };
		2C08F79F1C7F6FD400CF2E85 /* Info.plist */ = {isa = PBXFileReference; lastKnownFileType = text.plist.xml; path = Info.plist; sourceTree = "<group>"; };
		2C08F7A41C7F6FD400CF2E85 /* CalculatorTests.xctest */ = {isa = PBXFileReference; explicitFileType = wrapper.cfbundle; includeInIndex = 0; path = CalculatorTests.xctest; sourceTree = BUILT_PRODUCTS_DIR; };
		2C08F7A81C7F6FD400CF2E85 /* CalculatorTests.swift */ = {isa = PBXFileReference; lastKnownFileType = sourcecode.swift; path = CalculatorTests.swift; sourceTree = "<group>"; };
		2C08F7AA1C7F6FD400CF2E85 /* Info.plist */ = {isa = PBXFileReference; lastKnownFileType = text.plist.xml; path = Info.plist; sourceTree = "<group>"; };
		2C08F7AF1C7F6FD400CF2E85 /* CalculatorUITests.xctest */ = {isa = PBXFileReference; explicitFileType = wrapper.cfbundle; includeInIndex = 0; path = CalculatorUITests.xctest; sourceTree = BUILT_PRODUCTS_DIR; };
		2C08F7B31C7F6FD400CF2E85 /* CalculatorUITests.swift */ = {isa = PBXFileReference; lastKnownFileType = sourcecode.swift; path = CalculatorUITests.swift; sourceTree = "<group>"; };
		2C08F7B51C7F6FD400CF2E85 /* Info.plist */ = {isa = PBXFileReference; lastKnownFileType = text.plist.xml; path = Info.plist; sourceTree = "<group>"; };
/* End PBXFileReference section */

/* Begin PBXFrameworksBuildPhase section */
		2C08F78D1C7F6FD400CF2E85 /* Frameworks */ = {
			isa = PBXFrameworksBuildPhase;
			buildActionMask = 2147483647;
			files = (
			);
			runOnlyForDeploymentPostprocessing = 0;
		};
		2C08F7A11C7F6FD400CF2E85 /* Frameworks */ = {
			isa = PBXFrameworksBuildPhase;
			buildActionMask = 2147483647;
			files = (
			);
			runOnlyForDeploymentPostprocessing = 0;
		};
		2C08F7AC1C7F6FD400CF2E85 /* Frameworks */ = {
			isa = PBXFrameworksBuildPhase;
			buildActionMask = 2147483647;
			files = (
			);
			runOnlyForDeploymentPostprocessing = 0;
		};
/* End PBXFrameworksBuildPhase section */

/* Begin PBXGroup section */
		2C08F7871C7F6FD400CF2E85 = {
			isa = PBXGroup;
			children = (
				2C08F7921C7F6FD400CF2E85 /* Calculator */,
				2C08F7A71C7F6FD400CF2E85 /* CalculatorTests */,
				2C08F7B21C7F6FD400CF2E85 /* CalculatorUITests */,
				2C08F7911C7F6FD400CF2E85 /* Products */,
			);
			sourceTree = "<group>";
		};
		2C08F7911C7F6FD400CF2E85 /* Products */ = {
			isa = PBXGroup;
			children = (
				2C08F7901C7F6FD400CF2E85 /* Calculator.app */,
				2C08F7A41C7F6FD400CF2E85 /* CalculatorTests.xctest */,
				2C08F7AF1C7F6FD400CF2E85 /* CalculatorUITests.xctest */,
			);
			name = Products;
			sourceTree = "<group>";
		};
		2C08F7921C7F6FD400CF2E85 /* Calculator */ = {
			isa = PBXGroup;
			children = (
				2C08F7931C7F6FD400CF2E85 /* AppDelegate.swift */,
				2C08F7951C7F6FD400CF2E85 /* ViewController.swift */,
				2C08F7971C7F6FD400CF2E85 /* Main.storyboard */,
				2C08F79A1C7F6FD400CF2E85 /* Assets.xcassets */,
				2C08F79C1C7F6FD400CF2E85 /* LaunchScreen.storyboard */,
				2C08F79F1C7F6FD400CF2E85 /* Info.plist */,
			);
			path = Calculator;
			sourceTree = "<group>";
		};
		2C08F7A71C7F6FD400CF2E85 /* CalculatorTests */ = {
			isa = PBXGroup;
			children = (
				2C08F7A81C7F6FD400CF2E85 /* CalculatorTests.swift */,
				2C08F7AA1C7F6FD400CF2E85 /* Info.plist */,
			);
			path = CalculatorTests;
			sourceTree = "<group>";
		};
		2C08F7B21C7F6FD400CF2E85 /* CalculatorUITests */ = {
			isa = PBXGroup;
			children = (
				2C08F7B31C7F6FD400CF2E85 /* CalculatorUITests.swift */,
				2C08F7B51C7F6FD400CF2E85 /* Info.plist */,
			);
			path = CalculatorUITests;
			sourceTree = "<group>";
		};
/* End PBXGroup section */

/* Begin PBXNativeTarget section */
		2C08F78F1C7F6FD400CF2E85 /* Calculator */ = {
			isa = PBXNativeTarget;
			buildConfigurationList = 2C08F7B81C7F6FD400CF2E85 /* Build configuration list for PBXNativeTarget "Calculator" */;
			buildPhases = (
				2C08F78C1C7F6FD400CF2E85 /* Sources */,
				2C08F78D1C7F6FD400CF2E85 /* Frameworks */,
				2C08F78E1C7F6FD400CF2E85 /* Resources */,
			);
			buildRules = (
			);
			dependencies = (
			);
			name = Calculator;
			productName = Calculator;
			productReference = 2C08F7901C7F6FD400CF2E85 /* Calculator.app */;
			productType = "com.apple.product-type.application";
		};
		2C08F7A31C7F6FD400CF2E85 /* CalculatorTests */ = {
			isa = PBXNativeTarget;
			buildConfigurationList = 2C08F7BB1C7F6FD400CF2E85 /* Build configuration list for PBXNativeTarget "CalculatorTests" */;
			buildPhases = (
				2C08F7A01C7F6FD400CF2E85 /* Sources */,
				2C08F7A11C7F6FD400CF2E85 /* Frameworks */,
				2C08F7A21C7F6FD400CF2E85 /* Resources */,
			);
			buildRules = (
			);
			dependencies = (
				2C08F7A61C7F6FD400CF2E85 /* PBXTargetDependency */,
			);
			name = CalculatorTests;
			productName = CalculatorTests;
			productReference = 2C08F7A41C7F6FD400CF2E85 /* CalculatorTests.xctest */;
			productType = "com.apple.product-type.bundle.unit-test";
		};
		2C08F7AE1C7F6FD400CF2E85 /* CalculatorUITests */ = {
			isa = PBXNativeTarget;
			buildConfigurationList = 2C08F7BE1C7F6FD400CF2E85 /* Build configuration list for PBXNativeTarget "CalculatorUITests" */;
			buildPhases = (
				2C08F7AB1C7F6FD400CF2E85 /* Sources */,
				2C08F7AC1C7F6FD400CF2E85 /* Frameworks */,
				2C08F7AD1C7F6FD400CF2E85 /* Resources */,
			);
			buildRules = (
			);
			dependencies = (
				2C08F7B11C7F6FD400CF2E85 /* PBXTargetDependency */,
			);
			name = CalculatorUITests;
			productName = CalculatorUITests;
			productReference = 2C08F7AF1C7F6FD400CF2E85 /* CalculatorUITests.xctest */;
			productType = "com.apple.product-type.bundle.ui-testing";
		};
/* End PBXNativeTarget section */

/* Begin PBXProject section */
		2C08F7881C7F6FD400CF2E85 /* Project object */ = {
			isa = PBXProject;
			attributes = {
				LastSwiftUpdateCheck = 0720;
				LastUpgradeCheck = 0720;
				ORGANIZATIONNAME = HappyLife;
				TargetAttributes = {
					2C08F78F1C7F6FD400CF2E85 = {
						CreatedOnToolsVersion = 7.2;
					};
					2C08F7A31C7F6FD400CF2E85 = {
						CreatedOnToolsVersion = 7.2;
						TestTargetID = 2C08F78F1C7F6FD400CF2E85;
					};
					2C08F7AE1C7F6FD400CF2E85 = {
						CreatedOnToolsVersion = 7.2;
						TestTargetID = 2C08F78F1C7F6FD400CF2E85;
					};
				};
			};
			buildConfigurationList = 2C08F78B1C7F6FD400CF2E85 /* Build configuration list for PBXProject "Calculator" */;
			compatibilityVersion = "Xcode 3.2";
			developmentRegion = English;
			hasScannedForEncodings = 0;
			knownRegions = (
				en,
				Base,
			);
			mainGroup = 2C08F7871C7F6FD400CF2E85;
			productRefGroup = 2C08F7911C7F6FD400CF2E85 /* Products */;
			projectDirPath = "";
			projectRoot = "";
			targets = (
				2C08F78F1C7F6FD400CF2E85 /* Calculator */,
				2C08F7A31C7F6FD400CF2E85 /* CalculatorTests */,
				2C08F7AE1C7F6FD400CF2E85 /* CalculatorUITests */,
			);
		};
/* End PBXProject section */

/* Begin PBXResourcesBuildPhase section */
		2C08F78E1C7F6FD400CF2E85 /* Resources */ = {
			isa = PBXResourcesBuildPhase;
			buildActionMask = 2147483647;
			files = (
				2C08F79E1C7F6FD400CF2E85 /* LaunchScreen.storyboard in Resources */,
				2C08F79B1C7F6FD400CF2E85 /* Assets.xcassets in Resources */,
				2C08F7991C7F6FD400CF2E85 /* Main.storyboard in Resources */,
			);
			runOnlyForDeploymentPostprocessing = 0;
		};
		2C08F7A21C7F6FD400CF2E85 /* Resources */ = {
			isa = PBXResourcesBuildPhase;
			buildActionMask = 2147483647;
			files = (
			);
			runOnlyForDeploymentPostprocessing = 0;
		};
		2C08F7AD1C7F6FD400CF2E85 /* Resources */ = {
			isa = PBXResourcesBuildPhase;
			buildActionMask = 2147483647;
			files = (
			);
			runOnlyForDeploymentPostprocessing = 0;
		};
/* End PBXResourcesBuildPhase section */

/* Begin PBXSourcesBuildPhase section */
		2C08F78C1C7F6FD400CF2E85 /* Sources */ = {
			isa = PBXSourcesBuildPhase;
			buildActionMask = 2147483647;
			files = (
				2C08F7961C7F6FD400CF2E85 /* ViewController.swift in Sources */,
				2C08F7941C7F6FD400CF2E85 /* AppDelegate.swift in Sources */,
			);
			runOnlyForDeploymentPostprocessing = 0;
		};
		2C08F7A01C7F6FD400CF2E85 /* Sources */ = {
			isa = PBXSourcesBuildPhase;
			buildActionMask = 2147483647;
			files = (
				2C08F7A91C7F6FD400CF2E85 /* CalculatorTests.swift in Sources */,
			);
			runOnlyForDeploymentPostprocessing = 0;
		};
		2C08F7AB1C7F6FD400CF2E85 /* Sources */ = {
			isa = PBXSourcesBuildPhase;
			buildActionMask = 2147483647;
			files = (
				2C08F7B41C7F6FD400CF2E85 /* CalculatorUITests.swift in Sources */,
			);
			runOnlyForDeploymentPostprocessing = 0;
		};
/* End PBXSourcesBuildPhase section */

/* Begin PBXTargetDependency section */
		2C08F7A61C7F6FD400CF2E85 /* PBXTargetDependency */ = {
			isa = PBXTargetDependency;
			target = 2C08F78F1C7F6FD400CF2E85 /* Calculator */;
			targetProxy = 2C08F7A51C7F6FD400CF2E85 /* PBXContainerItemProxy */;
		};
		2C08F7B11C7F6FD400CF2E85 /* PBXTargetDependency */ = {
			isa = PBXTargetDependency;
			target = 2C08F78F1C7F6FD400CF2E85 /* Calculator */;
			targetProxy = 2C08F7B01C7F6FD400CF2E85 /* PBXContainerItemProxy */;
		};
/* End PBXTargetDependency section */

/* Begin PBXVariantGroup section */
		2C08F7971C7F6FD400CF2E85 /* Main.storyboard */ = {
			isa = PBXVariantGroup;
			children = (
				2C08F7981C7F6FD400CF2E85 /* Base */,
			);
			name = Main.storyboard;
			sourceTree = "<group>";
		};
		2C08F79C1C7F6FD400CF2E85 /* LaunchScreen.storyboard */ = {
			isa = PBXVariantGroup;
			children = (
				2C08F79D1C7F6FD400CF2E85 /* Base */,
			);
			name = LaunchScreen.storyboard;
			sourceTree = "<group>";
		};
/* End PBXVariantGroup section */

/* Begin XCBuildConfiguration section */
		2C08F7B61C7F6FD400CF2E85 /* Debug */ = {
			isa = XCBuildConfiguration;
			buildSettings = {
				ALWAYS_SEARCH_USER_PATHS = NO;
				CLANG_CXX_LANGUAGE_STANDARD = "gnu++0x";
				CLANG_CXX_LIBRARY = "libc++";
				CLANG_ENABLE_MODULES = YES;
				CLANG_ENABLE_OBJC_ARC = YES;
				CLANG_WARN_BOOL_CONVERSION = YES;
				CLANG_WARN_CONSTANT_CONVERSION = YES;
				CLANG_WARN_DIRECT_OBJC_ISA_USAGE = YES_ERROR;
				CLANG_WARN_EMPTY_BODY = YES;
				CLANG_WARN_ENUM_CONVERSION = YES;
				CLANG_WARN_INT_CONVERSION = YES;
				CLANG_WARN_OBJC_ROOT_CLASS = YES_ERROR;
				CLANG_WARN_UNREACHABLE_CODE = YES;
				CLANG_WARN__DUPLICATE_METHOD_MATCH = YES;
				"CODE_SIGN_IDENTITY[sdk=iphoneos*]" = "iPhone Developer";
				COPY_PHASE_STRIP = NO;
				DEBUG_INFORMATION_FORMAT = dwarf;
				ENABLE_STRICT_OBJC_MSGSEND = YES;
				ENABLE_TESTABILITY = YES;
				GCC_C_LANGUAGE_STANDARD = gnu99;
				GCC_DYNAMIC_NO_PIC = NO;
				GCC_NO_COMMON_BLOCKS = YES;
				GCC_OPTIMIZATION_LEVEL = 0;
				GCC_PREPROCESSOR_DEFINITIONS = (
					"DEBUG=1",
					"$(inherited)",
				);
				GCC_WARN_64_TO_32_BIT_CONVERSION = YES;
				GCC_WARN_ABOUT_RETURN_TYPE = YES_ERROR;
				GCC_WARN_UNDECLARED_SELECTOR = YES;
				GCC_WARN_UNINITIALIZED_AUTOS = YES_AGGRESSIVE;
				GCC_WARN_UNUSED_FUNCTION = YES;
				GCC_WARN_UNUSED_VARIABLE = YES;
				IPHONEOS_DEPLOYMENT_TARGET = 9.2;
				MTL_ENABLE_DEBUG_INFO = YES;
				ONLY_ACTIVE_ARCH = YES;
				SDKROOT = iphoneos;
				SWIFT_OPTIMIZATION_LEVEL = "-Onone";
				TARGETED_DEVICE_FAMILY = "1,2";
			};
			name = Debug;
		};
		2C08F7B71C7F6FD400CF2E85 /* Release */ = {
			isa = XCBuildConfiguration;
			buildSettings = {
				ALWAYS_SEARCH_USER_PATHS = NO;
				CLANG_CXX_LANGUAGE_STANDARD = "gnu++0x";
				CLANG_CXX_LIBRARY = "libc++";
				CLANG_ENABLE_MODULES = YES;
				CLANG_ENABLE_OBJC_ARC = YES;
				CLANG_WARN_BOOL_CONVERSION = YES;
				CLANG_WARN_CONSTANT_CONVERSION = YES;
				CLANG_WARN_DIRECT_OBJC_ISA_USAGE = YES_ERROR;
				CLANG_WARN_EMPTY_BODY = YES;
				CLANG_WARN_ENUM_CONVERSION = YES;
				CLANG_WARN_INT_CONVERSION = YES;
				CLANG_WARN_OBJC_ROOT_CLASS = YES_ERROR;
				CLANG_WARN_UNREACHABLE_CODE = YES;
				CLANG_WARN__DUPLICATE_METHOD_MATCH = YES;
				"CODE_SIGN_IDENTITY[sdk=iphoneos*]" = "iPhone Developer";
				COPY_PHASE_STRIP = NO;
				DEBUG_INFORMATION_FORMAT = "dwarf-with-dsym";
				ENABLE_NS_ASSERTIONS = NO;
				ENABLE_STRICT_OBJC_MSGSEND = YES;
				GCC_C_LANGUAGE_STANDARD = gnu99;
				GCC_NO_COMMON_BLOCKS = YES;
				GCC_WARN_64_TO_32_BIT_CONVERSION = YES;
				GCC_WARN_ABOUT_RETURN_TYPE = YES_ERROR;
				GCC_WARN_UNDECLARED_SELECTOR = YES;
				GCC_WARN_UNINITIALIZED_AUTOS = YES_AGGRESSIVE;
				GCC_WARN_UNUSED_FUNCTION = YES;
				GCC_WARN_UNUSED_VARIABLE = YES;
				IPHONEOS_DEPLOYMENT_TARGET = 9.2;
				MTL_ENABLE_DEBUG_INFO = NO;
				SDKROOT = iphoneos;
				TARGETED_DEVICE_FAMILY = "1,2";
				VALIDATE_PRODUCT = YES;
			};
			name = Release;
		};
		2C08F7B91C7F6FD400CF2E85 /* Debug */ = {
			isa = XCBuildConfiguration;
			buildSettings = {
				ASSETCATALOG_COMPILER_APPICON_NAME = AppIcon;
				INFOPLIST_FILE = Calculator/Info.plist;
				LD_RUNPATH_SEARCH_PATHS = "$(inherited) @executable_path/Frameworks";
				PRODUCT_BUNDLE_IDENTIFIER = HappyLife.Calculator;
				PRODUCT_NAME = "$(TARGET_NAME)";
			};
			name = Debug;
		};
		2C08F7BA1C7F6FD400CF2E85 /* Release */ = {
			isa = XCBuildConfiguration;
			buildSettings = {
				ASSETCATALOG_COMPILER_APPICON_NAME = AppIcon;
				INFOPLIST_FILE = Calculator/Info.plist;
				LD_RUNPATH_SEARCH_PATHS = "$(inherited) @executable_path/Frameworks";
				PRODUCT_BUNDLE_IDENTIFIER = HappyLife.Calculator;
				PRODUCT_NAME = "$(TARGET_NAME)";
			};
			name = Release;
		};
		2C08F7BC1C7F6FD400CF2E85 /* Debug */ = {
			isa = XCBuildConfiguration;
			buildSettings = {
				BUNDLE_LOADER = "$(TEST_HOST)";
				INFOPLIST_FILE = CalculatorTests/Info.plist;
				LD_RUNPATH_SEARCH_PATHS = "$(inherited) @executable_path/Frameworks @loader_path/Frameworks";
				PRODUCT_BUNDLE_IDENTIFIER = HappyLife.CalculatorTests;
				PRODUCT_NAME = "$(TARGET_NAME)";
				TEST_HOST = "$(BUILT_PRODUCTS_DIR)/Calculator.app/Calculator";
			};
			name = Debug;
		};
		2C08F7BD1C7F6FD400CF2E85 /* Release */ = {
			isa = XCBuildConfiguration;
			buildSettings = {
				BUNDLE_LOADER = "$(TEST_HOST)";
				INFOPLIST_FILE = CalculatorTests/Info.plist;
				LD_RUNPATH_SEARCH_PATHS = "$(inherited) @executable_path/Frameworks @loader_path/Frameworks";
				PRODUCT_BUNDLE_IDENTIFIER = HappyLife.CalculatorTests;
				PRODUCT_NAME = "$(TARGET_NAME)";
				TEST_HOST = "$(BUILT_PRODUCTS_DIR)/Calculator.app/Calculator";
			};
			name = Release;
		};
		2C08F7BF1C7F6FD400CF2E85 /* Debug */ = {
			isa = XCBuildConfiguration;
			buildSettings = {
				INFOPLIST_FILE = CalculatorUITests/Info.plist;
				LD_RUNPATH_SEARCH_PATHS = "$(inherited) @executable_path/Frameworks @loader_path/Frameworks";
				PRODUCT_BUNDLE_IDENTIFIER = HappyLife.CalculatorUITests;
				PRODUCT_NAME = "$(TARGET_NAME)";
				TEST_TARGET_NAME = Calculator;
				USES_XCTRUNNER = YES;
			};
			name = Debug;
		};
		2C08F7C01C7F6FD400CF2E85 /* Release */ = {
			isa = XCBuildConfiguration;
			buildSettings = {
				INFOPLIST_FILE = CalculatorUITests/Info.plist;
				LD_RUNPATH_SEARCH_PATHS = "$(inherited) @executable_path/Frameworks @loader_path/Frameworks";
				PRODUCT_BUNDLE_IDENTIFIER = HappyLife.CalculatorUITests;
				PRODUCT_NAME = "$(TARGET_NAME)";
				TEST_TARGET_NAME = Calculator;
				USES_XCTRUNNER = YES;
			};
			name = Release;
		};
/* End XCBuildConfiguration section */

/* Begin XCConfigurationList section */
		2C08F78B1C7F6FD400CF2E85 /* Build configuration list for PBXProject "Calculator" */ = {
			isa = XCConfigurationList;
			buildConfigurations = (
				2C08F7B61C7F6FD400CF2E85 /* Debug */,
				2C08F7B71C7F6FD400CF2E85 /* Release */,
			);
			defaultConfigurationIsVisible = 0;
			defaultConfigurationName = Release;
		};
		2C08F7B81C7F6FD400CF2E85 /* Build configuration list for PBXNativeTarget "Calculator" */ = {
			isa = XCConfigurationList;
			buildConfigurations = (
				2C08F7B91C7F6FD400CF2E85 /* Debug */,
				2C08F7BA1C7F6FD400CF2E85 /* Release */,
			);
			defaultConfigurationIsVisible = 0;
		};
		2C08F7BB1C7F6FD400CF2E85 /* Build configuration list for PBXNativeTarget "CalculatorTests" */ = {
			isa = XCConfigurationList;
			buildConfigurations = (
				2C08F7BC1C7F6FD400CF2E85 /* Debug */,
				2C08F7BD1C7F6FD400CF2E85 /* Release */,
			);
			defaultConfigurationIsVisible = 0;
		};
		2C08F7BE1C7F6FD400CF2E85 /* Build configuration list for PBXNativeTarget "CalculatorUITests" */ = {
			isa = XCConfigurationList;
			buildConfigurations = (
				2C08F7BF1C7F6FD400CF2E85 /* Debug */,
				2C08F7C01C7F6FD400CF2E85 /* Release */,
			);
			defaultConfigurationIsVisible = 0;
		};
/* End XCConfigurationList section */
	};
	rootObject = 2C08F7881C7F6FD400CF2E85 /* Project object */;
}
